{
  "name": "Online Test System",
  "version": "1.0.0",
  "lockfileVersion": 2,
  "requires": true,
  "packages": {
    "": {
      "name": "Online Test System",
      "version": "1.0.0",
      "dependencies": {
        "@firebase/app": "^0.7.11"
      }
    },
    "node_modules/@firebase/app": {
      "version": "0.7.11",
      "resolved": "https://registry.npmjs.org/@firebase/app/-/app-0.7.11.tgz",
      "integrity": "sha512-GnG2XxlMrqd8zRa14Y3gvkPpr0tKTLZtxhUnShWkeSM5bQqk1DK2k9qDsf6D3cYfKCWv+JIg1zmL3oalxfhNNA==",
      "dependencies": {
        "@firebase/component": "0.5.9",
        "@firebase/logger": "0.3.2",
        "@firebase/util": "1.4.2",
        "tslib": "^2.1.0"
      }
    },
    "node_modules/@firebase/component": {
      "version": "0.5.9",
      "resolved": "https://registry.npmjs.org/@firebase/component/-/component-0.5.9.tgz",
      "integrity": "sha512-oLCY3x9WbM5rn06qmUvbtJuPj4dIw/C9T4Th52IiHF5tiCRC5k6YthvhfUVcTwfoUhK0fOgtwuKJKA/LpCPjgA==",
      "dependencies": {
        "@firebase/util": "1.4.2",
        "tslib": "^2.1.0"
      }
    },
    "node_modules/@firebase/logger": {
      "version": "0.3.2",
      "resolved": "https://registry.npmjs.org/@firebase/logger/-/logger-0.3.2.tgz",
      "integrity": "sha512-lzLrcJp9QBWpo40OcOM9B8QEtBw2Fk1zOZQdvv+rWS6gKmhQBCEMc4SMABQfWdjsylBcDfniD1Q+fUX1dcBTXA==",
      "dependencies": {
        "tslib": "^2.1.0"
      }
    },
    "node_modules/@firebase/util": {
      "version": "1.4.2",
      "resolved": "https://registry.npmjs.org/@firebase/util/-/util-1.4.2.tgz",
      "integrity": "sha512-JMiUo+9QE9lMBvEtBjqsOFdmJgObFvi7OL1A0uFGwTmlCI1ZeNPOEBrwXkgTOelVCdiMO15mAebtEyxFuQ6FsA==",
      "dependencies": {
        "tslib": "^2.1.0"
      }
    },
    "node_modules/tslib": {
      "version": "2.3.1",
      "resolved": "https://registry.npmjs.org/tslib/-/tslib-2.3.1.tgz",
      "integrity": "sha512-77EbyPPpMz+FRFRuAFlWMtmgUWGe9UOG2Z25NqCwiIjRhOf5iKGuzSe5P2w1laq+FkRy4p+PCuVkJSGkzTEKVw=="
    }
  },
  "dependencies": {
    "@firebase/app": {
      "version": "0.7.11",
      "resolved": "https://registry.npmjs.org/@firebase/app/-/app-0.7.11.tgz",
      "integrity": "sha512-GnG2XxlMrqd8zRa14Y3gvkPpr0tKTLZtxhUnShWkeSM5bQqk1DK2k9qDsf6D3cYfKCWv+JIg1zmL3oalxfhNNA==",
      "requires": {
        "@firebase/component": "0.5.9",
        "@firebase/logger": "0.3.2",
        "@firebase/util": "1.4.2",
        "tslib": "^2.1.0"
      }
    },
    "@firebase/component": {
      "version": "0.5.9",
      "resolved": "https://registry.npmjs.org/@firebase/component/-/component-0.5.9.tgz",
      "integrity": "sha512-oLCY3x9WbM5rn06qmUvbtJuPj4dIw/C9T4Th52IiHF5tiCRC5k6YthvhfUVcTwfoUhK0fOgtwuKJKA/LpCPjgA==",
      "requires": {
        "@firebase/util": "1.4.2",
        "tslib": "^2.1.0"
      }
    },
    "@firebase/logger": {
      "version": "0.3.2",
      "resolved": "https://registry.npmjs.org/@firebase/logger/-/logger-0.3.2.tgz",
      "integrity": "sha512-lzLrcJp9QBWpo40OcOM9B8QEtBw2Fk1zOZQdvv+rWS6gKmhQBCEMc4SMABQfWdjsylBcDfniD1Q+fUX1dcBTXA==",
      "requires": {
        "tslib": "^2.1.0"
      }
    },
    "@firebase/util": {
      "version": "1.4.2",
      "resolved": "https://registry.npmjs.org/@firebase/util/-/util-1.4.2.tgz",
      "integrity": "sha512-JMiUo+9QE9lMBvEtBjqsOFdmJgObFvi7OL1A0uFGwTmlCI1ZeNPOEBrwXkgTOelVCdiMO15mAebtEyxFuQ6FsA==",
      "requires": {
        "tslib": "^2.1.0"
      }
    },
    "tslib": {
      "version": "2.3.1",
      "resolved": "https://registry.npmjs.org/tslib/-/tslib-2.3.1.tgz",
      "integrity": "sha512-77EbyPPpMz+FRFRuAFlWMtmgUWGe9UOG2Z25NqCwiIjRhOf5iKGuzSe5P2w1laq+FkRy4p+PCuVkJSGkzTEKVw=="
    }
  }
}
